Microsoft Visual Studio Solution File, Format Version 12.00
# Visual Studio Version 17
VisualStudioVersion = 17.5.2.0
MinimumVisualStudioVersion = 10.0.40219.1
Project("{FAE04EC0-301F-11D3-BF4B-00C04F79EFBC}") = "marrasquin.gordon.cristopher.MP06.UF02.NET.Acces.Dades.MySql", "marrasquin.gordon.cristopher.MP06.UF02.NET.Acces.Dades.MySql.csproj", "{5C76CC1F-722E-72B7-8D51-D3277F7E7A05}"
EndProject
Global
	GlobalSection(SolutionConfigurationPlatforms) = preSolution
		Debug|Any CPU = Debug|Any CPU
		Release|Any CPU = Release|Any CPU
	EndGlobalSection
	GlobalSection(ProjectConfigurationPlatforms) = postSolution
		{5C76CC1F-722E-72B7-8D51-D3277F7E7A05}.Debug|Any CPU.ActiveCfg = Debug|Any CPU
		{5C76CC1F-722E-72B7-8D51-D3277F7E7A05}.Debug|Any CPU.Build.0 = Debug|Any CPU
		{5C76CC1F-722E-72B7-8D51-D3277F7E7A05}.Release|Any CPU.ActiveCfg = Release|Any CPU
		{5C76CC1F-722E-72B7-8D51-D3277F7E7A05}.Release|Any CPU.Build.0 = Release|Any CPU
	EndGlobalSection
	GlobalSection(SolutionProperties) = preSolution
		HideSolutionNode = FALSE
	EndGlobalSection
	GlobalSection(ExtensibilityGlobals) = postSolution
		SolutionGuid = {AA37731E-1729-4952-869A-C22F240913C1}
	EndGlobalSection
EndGlobal
